
Microsoft Visual Studio Solution File, Format Version 12.00
# Visual Studio Version 16
VisualStudioVersion = 16.0.29001.49
MinimumVisualStudioVersion = 10.0.40219.1
Project("{FAE04EC0-301F-11D3-BF4B-00C04F79EFBC}") = "ConsoleTask5.1", "ConsoleTask5.1\ConsoleTask5.1.csproj", "{411E6D6E-46AD-4B60-A6D4-1AE5F65B5477}"
EndProject
Project("{FAE04EC0-301F-11D3-BF4B-00C04F79EFBC}") = "ConsoleTask5.2", "ConsoleTask5.2\ConsoleTask5.2.csproj", "{9C2025CF-C01F-4F6B-B217-E8F52C3AD9BF}"
EndProject
Project("{FAE04EC0-301F-11D3-BF4B-00C04F79EFBC}") = "ConsoleTask5.1.1", "ConsoleTask5.1.1\ConsoleTask5.1.1.csproj", "{02BAC073-727E-4EB7-BC75-59BA1699E17E}"
EndProject
Project("{FAE04EC0-301F-11D3-BF4B-00C04F79EFBC}") = "ClassLibraryCustomArray", "ClassLibraryCustomArray\ClassLibraryCustomArray.csproj", "{8A55E9E3-9762-486C-B016-F6171C0BC217}"
EndProject
Project("{FAE04EC0-301F-11D3-BF4B-00C04F79EFBC}") = "UnitTestProject1", "UnitTestProject1\UnitTestProject1.csproj", "{CAA0C635-739C-412E-A7E3-84496FD45FD6}"
EndProject
Global
	GlobalSection(SolutionConfigurationPlatforms) = preSolution
		Debug|Any CPU = Debug|Any CPU
		Release|Any CPU = Release|Any CPU
	EndGlobalSection
	GlobalSection(ProjectConfigurationPlatforms) = postSolution
		{411E6D6E-46AD-4B60-A6D4-1AE5F65B5477}.Debug|Any CPU.ActiveCfg = Debug|Any CPU
		{411E6D6E-46AD-4B60-A6D4-1AE5F65B5477}.Debug|Any CPU.Build.0 = Debug|Any CPU
		{411E6D6E-46AD-4B60-A6D4-1AE5F65B5477}.Release|Any CPU.ActiveCfg = Release|Any CPU
		{411E6D6E-46AD-4B60-A6D4-1AE5F65B5477}.Release|Any CPU.Build.0 = Release|Any CPU
		{9C2025CF-C01F-4F6B-B217-E8F52C3AD9BF}.Debug|Any CPU.ActiveCfg = Debug|Any CPU
		{9C2025CF-C01F-4F6B-B217-E8F52C3AD9BF}.Debug|Any CPU.Build.0 = Debug|Any CPU
		{9C2025CF-C01F-4F6B-B217-E8F52C3AD9BF}.Release|Any CPU.ActiveCfg = Release|Any CPU
		{9C2025CF-C01F-4F6B-B217-E8F52C3AD9BF}.Release|Any CPU.Build.0 = Release|Any CPU
		{02BAC073-727E-4EB7-BC75-59BA1699E17E}.Debug|Any CPU.ActiveCfg = Debug|Any CPU
		{02BAC073-727E-4EB7-BC75-59BA1699E17E}.Debug|Any CPU.Build.0 = Debug|Any CPU
		{02BAC073-727E-4EB7-BC75-59BA1699E17E}.Release|Any CPU.ActiveCfg = Release|Any CPU
		{02BAC073-727E-4EB7-BC75-59BA1699E17E}.Release|Any CPU.Build.0 = Release|Any CPU
		{8A55E9E3-9762-486C-B016-F6171C0BC217}.Debug|Any CPU.ActiveCfg = Debug|Any CPU
		{8A55E9E3-9762-486C-B016-F6171C0BC217}.Debug|Any CPU.Build.0 = Debug|Any CPU
		{8A55E9E3-9762-486C-B016-F6171C0BC217}.Release|Any CPU.ActiveCfg = Release|Any CPU
		{8A55E9E3-9762-486C-B016-F6171C0BC217}.Release|Any CPU.Build.0 = Release|Any CPU
		{CAA0C635-739C-412E-A7E3-84496FD45FD6}.Debug|Any CPU.ActiveCfg = Debug|Any CPU
		{CAA0C635-739C-412E-A7E3-84496FD45FD6}.Debug|Any CPU.Build.0 = Debug|Any CPU
		{CAA0C635-739C-412E-A7E3-84496FD45FD6}.Release|Any CPU.ActiveCfg = Release|Any CPU
		{CAA0C635-739C-412E-A7E3-84496FD45FD6}.Release|Any CPU.Build.0 = Release|Any CPU
	EndGlobalSection
	GlobalSection(SolutionProperties) = preSolution
		HideSolutionNode = FALSE
	EndGlobalSection
	GlobalSection(ExtensibilityGlobals) = postSolution
		SolutionGuid = {EE5FFA80-8EE9-4DE1-B4AF-8519B15AD54D}
	EndGlobalSection
EndGlobal
